
Microsoft Visual Studio Solution File, Format Version 12.00
# Visual Studio Version 17
VisualStudioVersion = 17.14.36202.13 d17.14
MinimumVisualStudioVersion = 10.0.40219.1
Project("{FAE04EC0-301F-11D3-BF4B-00C04F79EFBC}") = "MediVax1.3", "MediVax1.3\MediVax1.3.csproj", "{F7E629BB-8B5B-4B4E-B019-C5342788BB3A}"
EndProject
Global
	GlobalSection(SolutionConfigurationPlatforms) = preSolution
		Debug|Any CPU = Debug|Any CPU
		Release|Any CPU = Release|Any CPU
	EndGlobalSection
	GlobalSection(ProjectConfigurationPlatforms) = postSolution
		{F7E629BB-8B5B-4B4E-B019-C5342788BB3A}.Debug|Any CPU.ActiveCfg = Debug|Any CPU
		{F7E629BB-8B5B-4B4E-B019-C5342788BB3A}.Debug|Any CPU.Build.0 = Debug|Any CPU
		{F7E629BB-8B5B-4B4E-B019-C5342788BB3A}.Release|Any CPU.ActiveCfg = Release|Any CPU
		{F7E629BB-8B5B-4B4E-B019-C5342788BB3A}.Release|Any CPU.Build.0 = Release|Any CPU
	EndGlobalSection
	GlobalSection(SolutionProperties) = preSolution
		HideSolutionNode = FALSE
	EndGlobalSection
	GlobalSection(ExtensibilityGlobals) = postSolution
		SolutionGuid = {4060C84D-EF6E-4269-B659-1FB351CD34EE}
	EndGlobalSection
EndGlobal
